
Microsoft Visual Studio Solution File, Format Version 12.00
# Visual Studio Version 16
VisualStudioVersion = 16.0.32228.343
MinimumVisualStudioVersion = 10.0.40219.1
Project("{FAE04EC0-301F-11D3-BF4B-00C04F79EFBC}") = "AdminClient", "AdminClient\AdminClient.csproj", "{50177A8C-C163-4303-9270-7C52F5D0FDA1}"
EndProject
Global
	GlobalSection(SolutionConfigurationPlatforms) = preSolution
		Debug|Any CPU = Debug|Any CPU
		Release|Any CPU = Release|Any CPU
	EndGlobalSection
	GlobalSection(ProjectConfigurationPlatforms) = postSolution
		{50177A8C-C163-4303-9270-7C52F5D0FDA1}.Debug|Any CPU.ActiveCfg = Debug|Any CPU
		{50177A8C-C163-4303-9270-7C52F5D0FDA1}.Debug|Any CPU.Build.0 = Debug|Any CPU
		{50177A8C-C163-4303-9270-7C52F5D0FDA1}.Release|Any CPU.ActiveCfg = Release|Any CPU
		{50177A8C-C163-4303-9270-7C52F5D0FDA1}.Release|Any CPU.Build.0 = Release|Any CPU
	EndGlobalSection
	GlobalSection(SolutionProperties) = preSolution
		HideSolutionNode = FALSE
	EndGlobalSection
	GlobalSection(ExtensibilityGlobals) = postSolution
		SolutionGuid = {48F9F2CE-C204-475B-9ECB-5B734940FF86}
	EndGlobalSection
EndGlobal
